{
  "name": "Snake Game",
  "lockfileVersion": 3,
  "requires": true,
  "packages": {
    "": {
      "dependencies": {
        "audio": "^1.2.0"
      }
    },
    "node_modules/audio": {
      "version": "1.2.0",
      "resolved": "https://registry.npmjs.org/audio/-/audio-1.2.0.tgz",
      "integrity": "sha512-rW+atJOIZRqF1RIILxEclaAoNKR4vDQugSPfl/4IKtm+eKMO7CxWQgbCTmTPyu5SbLpX47j0ftHmhmyAIggJtA==",
      "dependencies": {
        "object-assign": "^4.1.0"
      },
      "engines": {
        "node": ">=0.11"
      }
    },
    "node_modules/object-assign": {
      "version": "4.1.1",
      "resolved": "https://registry.npmjs.org/object-assign/-/object-assign-4.1.1.tgz",
      "integrity": "sha512-rJgTQnkUnH1sFw8yT6VSU3zD3sWmu6sZhIseY8VX+GRu3P6F7Fu+JNDoXfklElbLJSnc3FUQHVe4cU5hj+BcUg==",
      "engines": {
        "node": ">=0.10.0"
      }
    }
  }
}
